# This file is automatically @generated by Cargo.
# It is not intended for manual editing.
[[package]]
name = "deque"
version = "0.3.2"
source = "registry+https://github.com/rust-lang/crates.io-index"
checksum = "a694dae478589798d752c7125542f8a5ae8b6e59476172baf2eed67357bdfa27"

[[package]]
name = "hello"
version = "0.1.0"
dependencies = [
 "deque",
]
