# This file is automatically @generated by Cargo.
# It is not intended for manual editing.
[[package]]
name = "base-x"
version = "0.2.6"
source = "registry+https://github.com/rust-lang/crates.io-index"
checksum = "1b20b618342cf9891c292c4f5ac2cde7287cc5c87e87e9c769d617793607dec1"

[[package]]
name = "hello"
version = "0.1.0"
dependencies = [
 "base-x",
]
